# This file is autogenerated, do not edit; changes may be undone by the next 'dep ensure'.


[[projects]]
  branch = "master"
  name = "github.com/fnproject/cloudevent"
  packages = ["."]
  revision = "acc868a4a2241aad6feedfa22e0d381582663611"

[[projects]]
  branch = "master"
  name = "github.com/fnproject/fdk-go"
  packages = ["."]
  revision = "26ed643bea6837eb6ca757e0d98155b42e13e1dc"

[[projects]]
  name = "github.com/google/uuid"
  packages = ["."]
  revision = "d460ce9f8df2e77fb1ba55ca87fafed96c607494"
  version = "v1.0.0"

[solve-meta]
  analyzer-name = "dep"
  analyzer-version = 1
  inputs-digest = "e052e48c5f93ee68ebd248b2511f224d36d4148c136cc2a0df5f84af458e6d14"
  solver-name = "gps-cdcl"
  solver-version = 1
