# This file is autogenerated, do not edit; changes may be undone by the next 'dep ensure'.


[[projects]]
  name = "github.com/castillobgr/sententia"
  packages = ["."]
  revision = "9b04b4a53625e6af0b410a8ab124492442535e65"
  version = "v2.0"

[[projects]]
  branch = "master"
  name = "github.com/fnproject/cloudevent"
  packages = ["."]
  revision = "acc868a4a2241aad6feedfa22e0d381582663611"

[[projects]]
  branch = "master"
  name = "github.com/fnproject/fdk-go"
  packages = ["."]
  revision = "26ed643bea6837eb6ca757e0d98155b42e13e1dc"

[[projects]]
  name = "github.com/google/uuid"
  packages = ["."]
  revision = "d460ce9f8df2e77fb1ba55ca87fafed96c607494"
  version = "v1.0.0"

[solve-meta]
  analyzer-name = "dep"
  analyzer-version = 1
  inputs-digest = "21ba6eade337b5400fc6d95c8f8e6e3a349bb32ba913b7276151b38a5935c03d"
  solver-name = "gps-cdcl"
  solver-version = 1
